
Microsoft Visual Studio Solution File, Format Version 12.00
# Visual Studio 15
VisualStudioVersion = 15.0.28307.168
MinimumVisualStudioVersion = 10.0.40219.1
Project("{8BC9CEB8-8B4A-11D0-8D11-00A0C91BC942}") = "HeapSort", "HeapSort\HeapSort.vcxproj", "{64644FC1-E425-4714-9ABB-208C9E46A3FF}"
EndProject
Global
	GlobalSection(SolutionConfigurationPlatforms) = preSolution
		Debug|x64 = Debug|x64
		Debug|x86 = Debug|x86
		Release|x64 = Release|x64
		Release|x86 = Release|x86
	EndGlobalSection
	GlobalSection(ProjectConfigurationPlatforms) = postSolution
		{64644FC1-E425-4714-9ABB-208C9E46A3FF}.Debug|x64.ActiveCfg = Debug|x64
		{64644FC1-E425-4714-9ABB-208C9E46A3FF}.Debug|x64.Build.0 = Debug|x64
		{64644FC1-E425-4714-9ABB-208C9E46A3FF}.Debug|x86.ActiveCfg = Debug|Win32
		{64644FC1-E425-4714-9ABB-208C9E46A3FF}.Debug|x86.Build.0 = Debug|Win32
		{64644FC1-E425-4714-9ABB-208C9E46A3FF}.Release|x64.ActiveCfg = Release|x64
		{64644FC1-E425-4714-9ABB-208C9E46A3FF}.Release|x64.Build.0 = Release|x64
		{64644FC1-E425-4714-9ABB-208C9E46A3FF}.Release|x86.ActiveCfg = Release|Win32
		{64644FC1-E425-4714-9ABB-208C9E46A3FF}.Release|x86.Build.0 = Release|Win32
	EndGlobalSection
	GlobalSection(SolutionProperties) = preSolution
		HideSolutionNode = FALSE
	EndGlobalSection
	GlobalSection(ExtensibilityGlobals) = postSolution
		SolutionGuid = {8D1DEE7D-1AAC-4FF1-BBB0-861C65A4B86C}
	EndGlobalSection
EndGlobal
